<Solution>
  <Folder Name="/backend/">
    <Project Path="backend/EasyPanel.Backend.Tests/EasyPanel.Backend.Tests.csproj" />
    <Project Path="backend/EasyPanel.Backend/EasyPanel.Backend.csproj" />
  </Folder>
  <Folder Name="/contracts/">
    <Project Path="contracts/EasyPanel.Contracts/EasyPanel.Contracts.csproj" />
  </Folder>
  <Folder Name="/daemon/">
    <Project Path="daemon/EasyPanel.Daemon.Tests/EasyPanel.Daemon.Tests.csproj" />
    <Project Path="daemon/EasyPanel.Daemon/EasyPanel.Daemon.csproj" />
  </Folder>
  <Folder Name="/daemon/EasyPanel.Daemon.Tests/" />
  <Folder Name="/daemon/EasyPanel.Daemon.Tests/TestFixtures/">
    <Project Path="daemon/EasyPanel.Daemon.Tests/TestFixtures/EchoTestServer/EchoTestServer.csproj" />
  </Folder>
</Solution>
